
Microsoft Visual Studio Solution File, Format Version 12.00
# Visual Studio Version 17
VisualStudioVersion = 17.0.31903.59
MinimumVisualStudioVersion = 10.0.40219.1
Project("{FAE04EC0-301F-11D3-BF4B-00C04F79EFBC}") = "FluxCore", "FluxCore\FluxCore.csproj", "{F06900E3-6C3E-4E09-9CF9-B344F6ADB5E3}"
EndProject
Project("{FAE04EC0-301F-11D3-BF4B-00C04F79EFBC}") = "FluxCore.Tests", "FluxCore.Tests\FluxCore.Tests.csproj", "{EC42A6C3-F9A3-4BF2-81F9-609F0A0CBA96}"
EndProject
Project("{FAE04EC0-301F-11D3-BF4B-00C04F79EFBC}") = "FluxCast", "FluxCast\FluxCast.csproj", "{7843BA36-EC0D-4E0F-AF2C-BAD59A5756DA}"
EndProject
Project("{FAE04EC0-301F-11D3-BF4B-00C04F79EFBC}") = "FluxRead", "FluxRead\FluxRead.csproj", "{C1032AF5-7DB6-402D-950D-805464D3E75F}"
EndProject
Project("{FAE04EC0-301F-11D3-BF4B-00C04F79EFBC}") = "Flux.Ui", "Flux.Ui\Flux.Ui.csproj", "{104B6DE6-8856-4F7E-BD91-3A1F7360987D}"
EndProject
Global
	GlobalSection(SolutionConfigurationPlatforms) = preSolution
		Debug|Any CPU = Debug|Any CPU
		Debug|x64 = Debug|x64
		Debug|x86 = Debug|x86
		Release|Any CPU = Release|Any CPU
		Release|x64 = Release|x64
		Release|x86 = Release|x86
	EndGlobalSection
	GlobalSection(ProjectConfigurationPlatforms) = postSolution
		{F06900E3-6C3E-4E09-9CF9-B344F6ADB5E3}.Debug|Any CPU.ActiveCfg = Debug|Any CPU
		{F06900E3-6C3E-4E09-9CF9-B344F6ADB5E3}.Debug|Any CPU.Build.0 = Debug|Any CPU
		{F06900E3-6C3E-4E09-9CF9-B344F6ADB5E3}.Debug|x64.ActiveCfg = Debug|Any CPU
		{F06900E3-6C3E-4E09-9CF9-B344F6ADB5E3}.Debug|x64.Build.0 = Debug|Any CPU
		{F06900E3-6C3E-4E09-9CF9-B344F6ADB5E3}.Debug|x86.ActiveCfg = Debug|Any CPU
		{F06900E3-6C3E-4E09-9CF9-B344F6ADB5E3}.Debug|x86.Build.0 = Debug|Any CPU
		{F06900E3-6C3E-4E09-9CF9-B344F6ADB5E3}.Release|Any CPU.ActiveCfg = Release|Any CPU
		{F06900E3-6C3E-4E09-9CF9-B344F6ADB5E3}.Release|Any CPU.Build.0 = Release|Any CPU
		{F06900E3-6C3E-4E09-9CF9-B344F6ADB5E3}.Release|x64.ActiveCfg = Release|Any CPU
		{F06900E3-6C3E-4E09-9CF9-B344F6ADB5E3}.Release|x64.Build.0 = Release|Any CPU
		{F06900E3-6C3E-4E09-9CF9-B344F6ADB5E3}.Release|x86.ActiveCfg = Release|Any CPU
		{F06900E3-6C3E-4E09-9CF9-B344F6ADB5E3}.Release|x86.Build.0 = Release|Any CPU
		{EC42A6C3-F9A3-4BF2-81F9-609F0A0CBA96}.Debug|Any CPU.ActiveCfg = Debug|Any CPU
		{EC42A6C3-F9A3-4BF2-81F9-609F0A0CBA96}.Debug|Any CPU.Build.0 = Debug|Any CPU
		{EC42A6C3-F9A3-4BF2-81F9-609F0A0CBA96}.Debug|x64.ActiveCfg = Debug|Any CPU
		{EC42A6C3-F9A3-4BF2-81F9-609F0A0CBA96}.Debug|x64.Build.0 = Debug|Any CPU
		{EC42A6C3-F9A3-4BF2-81F9-609F0A0CBA96}.Debug|x86.ActiveCfg = Debug|Any CPU
		{EC42A6C3-F9A3-4BF2-81F9-609F0A0CBA96}.Debug|x86.Build.0 = Debug|Any CPU
		{EC42A6C3-F9A3-4BF2-81F9-609F0A0CBA96}.Release|Any CPU.ActiveCfg = Release|Any CPU
		{EC42A6C3-F9A3-4BF2-81F9-609F0A0CBA96}.Release|Any CPU.Build.0 = Release|Any CPU
		{EC42A6C3-F9A3-4BF2-81F9-609F0A0CBA96}.Release|x64.ActiveCfg = Release|Any CPU
		{EC42A6C3-F9A3-4BF2-81F9-609F0A0CBA96}.Release|x64.Build.0 = Release|Any CPU
		{EC42A6C3-F9A3-4BF2-81F9-609F0A0CBA96}.Release|x86.ActiveCfg = Release|Any CPU
		{EC42A6C3-F9A3-4BF2-81F9-609F0A0CBA96}.Release|x86.Build.0 = Release|Any CPU
		{7843BA36-EC0D-4E0F-AF2C-BAD59A5756DA}.Debug|Any CPU.ActiveCfg = Debug|Any CPU
		{7843BA36-EC0D-4E0F-AF2C-BAD59A5756DA}.Debug|Any CPU.Build.0 = Debug|Any CPU
		{7843BA36-EC0D-4E0F-AF2C-BAD59A5756DA}.Debug|x64.ActiveCfg = Debug|Any CPU
		{7843BA36-EC0D-4E0F-AF2C-BAD59A5756DA}.Debug|x64.Build.0 = Debug|Any CPU
		{7843BA36-EC0D-4E0F-AF2C-BAD59A5756DA}.Debug|x86.ActiveCfg = Debug|Any CPU
		{7843BA36-EC0D-4E0F-AF2C-BAD59A5756DA}.Debug|x86.Build.0 = Debug|Any CPU
		{7843BA36-EC0D-4E0F-AF2C-BAD59A5756DA}.Release|Any CPU.ActiveCfg = Release|Any CPU
		{7843BA36-EC0D-4E0F-AF2C-BAD59A5756DA}.Release|Any CPU.Build.0 = Release|Any CPU
		{7843BA36-EC0D-4E0F-AF2C-BAD59A5756DA}.Release|x64.ActiveCfg = Release|Any CPU
		{7843BA36-EC0D-4E0F-AF2C-BAD59A5756DA}.Release|x64.Build.0 = Release|Any CPU
		{7843BA36-EC0D-4E0F-AF2C-BAD59A5756DA}.Release|x86.ActiveCfg = Release|Any CPU
		{7843BA36-EC0D-4E0F-AF2C-BAD59A5756DA}.Release|x86.Build.0 = Release|Any CPU
		{C1032AF5-7DB6-402D-950D-805464D3E75F}.Debug|Any CPU.ActiveCfg = Debug|Any CPU
		{C1032AF5-7DB6-402D-950D-805464D3E75F}.Debug|Any CPU.Build.0 = Debug|Any CPU
		{C1032AF5-7DB6-402D-950D-805464D3E75F}.Debug|x64.ActiveCfg = Debug|Any CPU
		{C1032AF5-7DB6-402D-950D-805464D3E75F}.Debug|x64.Build.0 = Debug|Any CPU
		{C1032AF5-7DB6-402D-950D-805464D3E75F}.Debug|x86.ActiveCfg = Debug|Any CPU
		{C1032AF5-7DB6-402D-950D-805464D3E75F}.Debug|x86.Build.0 = Debug|Any CPU
		{C1032AF5-7DB6-402D-950D-805464D3E75F}.Release|Any CPU.ActiveCfg = Release|Any CPU
		{C1032AF5-7DB6-402D-950D-805464D3E75F}.Release|Any CPU.Build.0 = Release|Any CPU
		{C1032AF5-7DB6-402D-950D-805464D3E75F}.Release|x64.ActiveCfg = Release|Any CPU
		{C1032AF5-7DB6-402D-950D-805464D3E75F}.Release|x64.Build.0 = Release|Any CPU
		{C1032AF5-7DB6-402D-950D-805464D3E75F}.Release|x86.ActiveCfg = Release|Any CPU
		{C1032AF5-7DB6-402D-950D-805464D3E75F}.Release|x86.Build.0 = Release|Any CPU
		{104B6DE6-8856-4F7E-BD91-3A1F7360987D}.Debug|Any CPU.ActiveCfg = Debug|Any CPU
		{104B6DE6-8856-4F7E-BD91-3A1F7360987D}.Debug|Any CPU.Build.0 = Debug|Any CPU
		{104B6DE6-8856-4F7E-BD91-3A1F7360987D}.Debug|x64.ActiveCfg = Debug|Any CPU
		{104B6DE6-8856-4F7E-BD91-3A1F7360987D}.Debug|x64.Build.0 = Debug|Any CPU
		{104B6DE6-8856-4F7E-BD91-3A1F7360987D}.Debug|x86.ActiveCfg = Debug|Any CPU
		{104B6DE6-8856-4F7E-BD91-3A1F7360987D}.Debug|x86.Build.0 = Debug|Any CPU
		{104B6DE6-8856-4F7E-BD91-3A1F7360987D}.Release|Any CPU.ActiveCfg = Release|Any CPU
		{104B6DE6-8856-4F7E-BD91-3A1F7360987D}.Release|Any CPU.Build.0 = Release|Any CPU
		{104B6DE6-8856-4F7E-BD91-3A1F7360987D}.Release|x64.ActiveCfg = Release|Any CPU
		{104B6DE6-8856-4F7E-BD91-3A1F7360987D}.Release|x64.Build.0 = Release|Any CPU
		{104B6DE6-8856-4F7E-BD91-3A1F7360987D}.Release|x86.ActiveCfg = Release|Any CPU
		{104B6DE6-8856-4F7E-BD91-3A1F7360987D}.Release|x86.Build.0 = Release|Any CPU
	EndGlobalSection
	GlobalSection(SolutionProperties) = preSolution
		HideSolutionNode = FALSE
	EndGlobalSection
EndGlobal
